
Microsoft Visual Studio Solution File, Format Version 12.00
# Visual Studio Version 17
VisualStudioVersion = 17.10.35027.167
MinimumVisualStudioVersion = 10.0.40219.1
Project("{9A19103F-16F7-4668-BE54-9A1E7A4F7556}") = "Where", "Where\Where.csproj", "{C75BD1A8-B105-4331-B54C-E4B851961A96}"
EndProject
Project("{9A19103F-16F7-4668-BE54-9A1E7A4F7556}") = "OfType", "OfType\OfType.csproj", "{66F51AFA-FF72-44D6-9446-BC1817612F2F}"
EndProject
Project("{9A19103F-16F7-4668-BE54-9A1E7A4F7556}") = "OrderBy", "OrderBy\OrderBy.csproj", "{72FCA1F1-F1D1-4C8B-B0D3-9A6A13390AC1}"
EndProject
Project("{9A19103F-16F7-4668-BE54-9A1E7A4F7556}") = "StudentsData", "StudentsData\StudentsData.csproj", "{601C92E6-C761-4FBA-8C47-8A88D940514C}"
EndProject
Project("{9A19103F-16F7-4668-BE54-9A1E7A4F7556}") = "ThenBy", "ThenBy\ThenBy.csproj", "{04A74860-9292-438A-8C88-E7679C59D132}"
EndProject
Project("{9A19103F-16F7-4668-BE54-9A1E7A4F7556}") = "GroupByToLookUp", "GroupByToLookUp\GroupByToLookUp.csproj", "{F37FE717-0450-4EFB-AAD6-86662D0E09A4}"
EndProject
Project("{9A19103F-16F7-4668-BE54-9A1E7A4F7556}") = "Join", "Join\Join.csproj", "{A1D653C5-1D13-4F2C-9C90-C355DD301860}"
EndProject
Project("{9A19103F-16F7-4668-BE54-9A1E7A4F7556}") = "GroupJoin", "GroupJoin\GroupJoin.csproj", "{0B27F47A-E036-4550-83E7-A762218A05B1}"
EndProject
Project("{9A19103F-16F7-4668-BE54-9A1E7A4F7556}") = "Select", "Select\Select.csproj", "{F0CE5C2B-EFC8-4FE8-8520-1F7E1CC8818A}"
EndProject
Project("{9A19103F-16F7-4668-BE54-9A1E7A4F7556}") = "AllAny", "AllAnyContains\AllAny.csproj", "{1124F1D0-2EB4-4030-AABB-A2D73ACF2559}"
EndProject
Project("{9A19103F-16F7-4668-BE54-9A1E7A4F7556}") = "Contains", "Contains\Contains.csproj", "{9BEEE833-36A5-40F7-9837-85FC181C5659}"
EndProject
Project("{9A19103F-16F7-4668-BE54-9A1E7A4F7556}") = "Aggregate", "Aggregate\Aggregate.csproj", "{82AFED83-4270-4DB6-80D6-EA33CB554660}"
EndProject
Project("{9A19103F-16F7-4668-BE54-9A1E7A4F7556}") = "Average", "Average\Average.csproj", "{FC9299AA-6E9E-47C4-B041-BF0E63CF90BA}"
EndProject
Project("{9A19103F-16F7-4668-BE54-9A1E7A4F7556}") = "Count", "Count\Count.csproj", "{0E909C59-AEAC-4746-B91B-E0A300AF7FF3}"
EndProject
Project("{9A19103F-16F7-4668-BE54-9A1E7A4F7556}") = "Max", "Max\Max.csproj", "{808A442F-CBD9-436B-9FF1-F3B5CD8AEC74}"
EndProject
Project("{FAE04EC0-301F-11D3-BF4B-00C04F79EFBC}") = "Sum", "Sum\Sum.csproj", "{DAAF2827-186F-487A-8642-6B8AB273AF04}"
EndProject
Project("{FAE04EC0-301F-11D3-BF4B-00C04F79EFBC}") = "FirstAndFirstOrDefault", "FirstAndFirstOrDefault\FirstAndFirstOrDefault.csproj", "{7FD3B6D7-C8C9-4D52-AA3F-FFA301EB567F}"
EndProject
Project("{FAE04EC0-301F-11D3-BF4B-00C04F79EFBC}") = "LastAndLastOrDefault", "LastAndLastOrDefault\LastAndLastOrDefault.csproj", "{2C4C9213-9C4A-4ABB-AA77-58CE1B7CFD54}"
EndProject
Project("{FAE04EC0-301F-11D3-BF4B-00C04F79EFBC}") = "SingleAndSingleOrDefault", "SingleAndSingleOrDefault\SingleAndSingleOrDefault.csproj", "{6FDD7FFF-FDB9-4E86-903C-0ADCFA8AAE69}"
EndProject
Global
	GlobalSection(SolutionConfigurationPlatforms) = preSolution
		Debug|Any CPU = Debug|Any CPU
		Release|Any CPU = Release|Any CPU
	EndGlobalSection
	GlobalSection(ProjectConfigurationPlatforms) = postSolution
		{C75BD1A8-B105-4331-B54C-E4B851961A96}.Debug|Any CPU.ActiveCfg = Debug|Any CPU
		{C75BD1A8-B105-4331-B54C-E4B851961A96}.Debug|Any CPU.Build.0 = Debug|Any CPU
		{C75BD1A8-B105-4331-B54C-E4B851961A96}.Release|Any CPU.ActiveCfg = Release|Any CPU
		{C75BD1A8-B105-4331-B54C-E4B851961A96}.Release|Any CPU.Build.0 = Release|Any CPU
		{66F51AFA-FF72-44D6-9446-BC1817612F2F}.Debug|Any CPU.ActiveCfg = Debug|Any CPU
		{66F51AFA-FF72-44D6-9446-BC1817612F2F}.Debug|Any CPU.Build.0 = Debug|Any CPU
		{66F51AFA-FF72-44D6-9446-BC1817612F2F}.Release|Any CPU.ActiveCfg = Release|Any CPU
		{66F51AFA-FF72-44D6-9446-BC1817612F2F}.Release|Any CPU.Build.0 = Release|Any CPU
		{72FCA1F1-F1D1-4C8B-B0D3-9A6A13390AC1}.Debug|Any CPU.ActiveCfg = Debug|Any CPU
		{72FCA1F1-F1D1-4C8B-B0D3-9A6A13390AC1}.Debug|Any CPU.Build.0 = Debug|Any CPU
		{72FCA1F1-F1D1-4C8B-B0D3-9A6A13390AC1}.Release|Any CPU.ActiveCfg = Release|Any CPU
		{72FCA1F1-F1D1-4C8B-B0D3-9A6A13390AC1}.Release|Any CPU.Build.0 = Release|Any CPU
		{601C92E6-C761-4FBA-8C47-8A88D940514C}.Debug|Any CPU.ActiveCfg = Debug|Any CPU
		{601C92E6-C761-4FBA-8C47-8A88D940514C}.Debug|Any CPU.Build.0 = Debug|Any CPU
		{601C92E6-C761-4FBA-8C47-8A88D940514C}.Release|Any CPU.ActiveCfg = Release|Any CPU
		{601C92E6-C761-4FBA-8C47-8A88D940514C}.Release|Any CPU.Build.0 = Release|Any CPU
		{04A74860-9292-438A-8C88-E7679C59D132}.Debug|Any CPU.ActiveCfg = Debug|Any CPU
		{04A74860-9292-438A-8C88-E7679C59D132}.Debug|Any CPU.Build.0 = Debug|Any CPU
		{04A74860-9292-438A-8C88-E7679C59D132}.Release|Any CPU.ActiveCfg = Release|Any CPU
		{04A74860-9292-438A-8C88-E7679C59D132}.Release|Any CPU.Build.0 = Release|Any CPU
		{F37FE717-0450-4EFB-AAD6-86662D0E09A4}.Debug|Any CPU.ActiveCfg = Debug|Any CPU
		{F37FE717-0450-4EFB-AAD6-86662D0E09A4}.Debug|Any CPU.Build.0 = Debug|Any CPU
		{F37FE717-0450-4EFB-AAD6-86662D0E09A4}.Release|Any CPU.ActiveCfg = Release|Any CPU
		{F37FE717-0450-4EFB-AAD6-86662D0E09A4}.Release|Any CPU.Build.0 = Release|Any CPU
		{A1D653C5-1D13-4F2C-9C90-C355DD301860}.Debug|Any CPU.ActiveCfg = Debug|Any CPU
		{A1D653C5-1D13-4F2C-9C90-C355DD301860}.Debug|Any CPU.Build.0 = Debug|Any CPU
		{A1D653C5-1D13-4F2C-9C90-C355DD301860}.Release|Any CPU.ActiveCfg = Release|Any CPU
		{A1D653C5-1D13-4F2C-9C90-C355DD301860}.Release|Any CPU.Build.0 = Release|Any CPU
		{0B27F47A-E036-4550-83E7-A762218A05B1}.Debug|Any CPU.ActiveCfg = Debug|Any CPU
		{0B27F47A-E036-4550-83E7-A762218A05B1}.Debug|Any CPU.Build.0 = Debug|Any CPU
		{0B27F47A-E036-4550-83E7-A762218A05B1}.Release|Any CPU.ActiveCfg = Release|Any CPU
		{0B27F47A-E036-4550-83E7-A762218A05B1}.Release|Any CPU.Build.0 = Release|Any CPU
		{F0CE5C2B-EFC8-4FE8-8520-1F7E1CC8818A}.Debug|Any CPU.ActiveCfg = Debug|Any CPU
		{F0CE5C2B-EFC8-4FE8-8520-1F7E1CC8818A}.Debug|Any CPU.Build.0 = Debug|Any CPU
		{F0CE5C2B-EFC8-4FE8-8520-1F7E1CC8818A}.Release|Any CPU.ActiveCfg = Release|Any CPU
		{F0CE5C2B-EFC8-4FE8-8520-1F7E1CC8818A}.Release|Any CPU.Build.0 = Release|Any CPU
		{1124F1D0-2EB4-4030-AABB-A2D73ACF2559}.Debug|Any CPU.ActiveCfg = Debug|Any CPU
		{1124F1D0-2EB4-4030-AABB-A2D73ACF2559}.Debug|Any CPU.Build.0 = Debug|Any CPU
		{1124F1D0-2EB4-4030-AABB-A2D73ACF2559}.Release|Any CPU.ActiveCfg = Release|Any CPU
		{1124F1D0-2EB4-4030-AABB-A2D73ACF2559}.Release|Any CPU.Build.0 = Release|Any CPU
		{9BEEE833-36A5-40F7-9837-85FC181C5659}.Debug|Any CPU.ActiveCfg = Debug|Any CPU
		{9BEEE833-36A5-40F7-9837-85FC181C5659}.Debug|Any CPU.Build.0 = Debug|Any CPU
		{9BEEE833-36A5-40F7-9837-85FC181C5659}.Release|Any CPU.ActiveCfg = Release|Any CPU
		{9BEEE833-36A5-40F7-9837-85FC181C5659}.Release|Any CPU.Build.0 = Release|Any CPU
		{82AFED83-4270-4DB6-80D6-EA33CB554660}.Debug|Any CPU.ActiveCfg = Debug|Any CPU
		{82AFED83-4270-4DB6-80D6-EA33CB554660}.Debug|Any CPU.Build.0 = Debug|Any CPU
		{82AFED83-4270-4DB6-80D6-EA33CB554660}.Release|Any CPU.ActiveCfg = Release|Any CPU
		{82AFED83-4270-4DB6-80D6-EA33CB554660}.Release|Any CPU.Build.0 = Release|Any CPU
		{FC9299AA-6E9E-47C4-B041-BF0E63CF90BA}.Debug|Any CPU.ActiveCfg = Debug|Any CPU
		{FC9299AA-6E9E-47C4-B041-BF0E63CF90BA}.Debug|Any CPU.Build.0 = Debug|Any CPU
		{FC9299AA-6E9E-47C4-B041-BF0E63CF90BA}.Release|Any CPU.ActiveCfg = Release|Any CPU
		{FC9299AA-6E9E-47C4-B041-BF0E63CF90BA}.Release|Any CPU.Build.0 = Release|Any CPU
		{0E909C59-AEAC-4746-B91B-E0A300AF7FF3}.Debug|Any CPU.ActiveCfg = Debug|Any CPU
		{0E909C59-AEAC-4746-B91B-E0A300AF7FF3}.Debug|Any CPU.Build.0 = Debug|Any CPU
		{0E909C59-AEAC-4746-B91B-E0A300AF7FF3}.Release|Any CPU.ActiveCfg = Release|Any CPU
		{0E909C59-AEAC-4746-B91B-E0A300AF7FF3}.Release|Any CPU.Build.0 = Release|Any CPU
		{808A442F-CBD9-436B-9FF1-F3B5CD8AEC74}.Debug|Any CPU.ActiveCfg = Debug|Any CPU
		{808A442F-CBD9-436B-9FF1-F3B5CD8AEC74}.Debug|Any CPU.Build.0 = Debug|Any CPU
		{808A442F-CBD9-436B-9FF1-F3B5CD8AEC74}.Release|Any CPU.ActiveCfg = Release|Any CPU
		{808A442F-CBD9-436B-9FF1-F3B5CD8AEC74}.Release|Any CPU.Build.0 = Release|Any CPU
		{DAAF2827-186F-487A-8642-6B8AB273AF04}.Debug|Any CPU.ActiveCfg = Debug|Any CPU
		{DAAF2827-186F-487A-8642-6B8AB273AF04}.Debug|Any CPU.Build.0 = Debug|Any CPU
		{DAAF2827-186F-487A-8642-6B8AB273AF04}.Release|Any CPU.ActiveCfg = Release|Any CPU
		{DAAF2827-186F-487A-8642-6B8AB273AF04}.Release|Any CPU.Build.0 = Release|Any CPU
		{7FD3B6D7-C8C9-4D52-AA3F-FFA301EB567F}.Debug|Any CPU.ActiveCfg = Debug|Any CPU
		{7FD3B6D7-C8C9-4D52-AA3F-FFA301EB567F}.Debug|Any CPU.Build.0 = Debug|Any CPU
		{7FD3B6D7-C8C9-4D52-AA3F-FFA301EB567F}.Release|Any CPU.ActiveCfg = Release|Any CPU
		{7FD3B6D7-C8C9-4D52-AA3F-FFA301EB567F}.Release|Any CPU.Build.0 = Release|Any CPU
		{2C4C9213-9C4A-4ABB-AA77-58CE1B7CFD54}.Debug|Any CPU.ActiveCfg = Debug|Any CPU
		{2C4C9213-9C4A-4ABB-AA77-58CE1B7CFD54}.Debug|Any CPU.Build.0 = Debug|Any CPU
		{2C4C9213-9C4A-4ABB-AA77-58CE1B7CFD54}.Release|Any CPU.ActiveCfg = Release|Any CPU
		{2C4C9213-9C4A-4ABB-AA77-58CE1B7CFD54}.Release|Any CPU.Build.0 = Release|Any CPU
		{6FDD7FFF-FDB9-4E86-903C-0ADCFA8AAE69}.Debug|Any CPU.ActiveCfg = Debug|Any CPU
		{6FDD7FFF-FDB9-4E86-903C-0ADCFA8AAE69}.Debug|Any CPU.Build.0 = Debug|Any CPU
		{6FDD7FFF-FDB9-4E86-903C-0ADCFA8AAE69}.Release|Any CPU.ActiveCfg = Release|Any CPU
		{6FDD7FFF-FDB9-4E86-903C-0ADCFA8AAE69}.Release|Any CPU.Build.0 = Release|Any CPU
	EndGlobalSection
	GlobalSection(SolutionProperties) = preSolution
		HideSolutionNode = FALSE
	EndGlobalSection
	GlobalSection(ExtensibilityGlobals) = postSolution
		SolutionGuid = {E6F9AE1D-2736-4D26-A712-D464807A6A5A}
	EndGlobalSection
EndGlobal
